
Microsoft Visual Studio Solution File, Format Version 12.00
# Visual Studio Version 17
VisualStudioVersion = 17.13.35825.156 d17.13
MinimumVisualStudioVersion = 10.0.40219.1
Project("{FAE04EC0-301F-11D3-BF4B-00C04F79EFBC}") = "SurfingPointServer", "SurfingPointServer.csproj", "{B5CB2B45-9A1C-4B6E-97ED-A3EDBE07C837}"
EndProject
Global
	GlobalSection(SolutionConfigurationPlatforms) = preSolution
		Debug|Any CPU = Debug|Any CPU
		Release|Any CPU = Release|Any CPU
	EndGlobalSection
	GlobalSection(ProjectConfigurationPlatforms) = postSolution
		{B5CB2B45-9A1C-4B6E-97ED-A3EDBE07C837}.Debug|Any CPU.ActiveCfg = Debug|Any CPU
		{B5CB2B45-9A1C-4B6E-97ED-A3EDBE07C837}.Debug|Any CPU.Build.0 = Debug|Any CPU
		{B5CB2B45-9A1C-4B6E-97ED-A3EDBE07C837}.Release|Any CPU.ActiveCfg = Release|Any CPU
		{B5CB2B45-9A1C-4B6E-97ED-A3EDBE07C837}.Release|Any CPU.Build.0 = Release|Any CPU
	EndGlobalSection
	GlobalSection(SolutionProperties) = preSolution
		HideSolutionNode = FALSE
	EndGlobalSection
	GlobalSection(ExtensibilityGlobals) = postSolution
		SolutionGuid = {AA120818-ACC5-4BAF-9F0C-17C47E379325}
	EndGlobalSection
EndGlobal
